// !$*UTF8*$!
{
	archiveVersion = 1;
	classes = {
	};
	objectVersion = 50;
	objects = {

/* Begin PBXBuildFile section */
		E944F61926A3D9D40021D9C3 /* AppDelegate.m in Sources */ = {isa = PBXBuildFile; fileRef = E944F61826A3D9D40021D9C3 /* AppDelegate.m */; };
		E944F61C26A3D9D40021D9C3 /* SceneDelegate.m in Sources */ = {isa = PBXBuildFile; fileRef = E944F61B26A3D9D40021D9C3 /* SceneDelegate.m */; };
		E944F61F26A3D9D40021D9C3 /* ViewController.m in Sources */ = {isa = PBXBuildFile; fileRef = E944F61E26A3D9D40021D9C3 /* ViewController.m */; };
		E944F62226A3D9D40021D9C3 /* Main.storyboard in Resources */ = {isa = PBXBuildFile; fileRef = E944F62026A3D9D40021D9C3 /* Main.storyboard */; };
		E944F62426A3D9D70021D9C3 /* Assets.xcassets in Resources */ = {isa = PBXBuildFile; fileRef = E944F62326A3D9D70021D9C3 /* Assets.xcassets */; };
		E944F62726A3D9D70021D9C3 /* LaunchScreen.storyboard in Resources */ = {isa = PBXBuildFile; fileRef = E944F62526A3D9D70021D9C3 /* LaunchScreen.storyboard */; };
		E944F62A26A3D9D70021D9C3 /* main.m in Sources */ = {isa = PBXBuildFile; fileRef = E944F62926A3D9D70021D9C3 /* main.m */; };
		E944F63426A3D9D70021D9C3 /* MyDTTestTests.m in Sources */ = {isa = PBXBuildFile; fileRef = E944F63326A3D9D70021D9C3 /* MyDTTestTests.m */; };
		E944F63F26A3D9D70021D9C3 /* MyDTTestUITests.m in Sources */ = {isa = PBXBuildFile; fileRef = E944F63E26A3D9D70021D9C3 /* MyDTTestUITests.m */; };
/* End PBXBuildFile section */

/* Begin PBXContainerItemProxy section */
		E944F63026A3D9D70021D9C3 /* PBXContainerItemProxy */ = {
			isa = PBXContainerItemProxy;
			containerPortal = E944F60C26A3D9D40021D9C3 /* Project object */;
			proxyType = 1;
			remoteGlobalIDString = E944F61326A3D9D40021D9C3;
			remoteInfo = MyDTTest;
		};
		E944F63B26A3D9D70021D9C3 /* PBXContainerItemProxy */ = {
			isa = PBXContainerItemProxy;
			containerPortal = E944F60C26A3D9D40021D9C3 /* Project object */;
			proxyType = 1;
			remoteGlobalIDString = E944F61326A3D9D40021D9C3;
			remoteInfo = MyDTTest;
		};
/* End PBXContainerItemProxy section */

/* Begin PBXFileReference section */
		E944F61426A3D9D40021D9C3 /* MyDTTest.app */ = {isa = PBXFileReference; explicitFileType = wrapper.application; includeInIndex = 0; path = MyDTTest.app; sourceTree = BUILT_PRODUCTS_DIR; };
		E944F61726A3D9D40021D9C3 /* AppDelegate.h */ = {isa = PBXFileReference; lastKnownFileType = sourcecode.c.h; path = AppDelegate.h; sourceTree = "<group>"; };
		E944F61826A3D9D40021D9C3 /* AppDelegate.m */ = {isa = PBXFileReference; lastKnownFileType = sourcecode.c.objc; path = AppDelegate.m; sourceTree = "<group>"; };
		E944F61A26A3D9D40021D9C3 /* SceneDelegate.h */ = {isa = PBXFileReference; lastKnownFileType = sourcecode.c.h; path = SceneDelegate.h; sourceTree = "<group>"; };
		E944F61B26A3D9D40021D9C3 /* SceneDelegate.m */ = {isa = PBXFileReference; lastKnownFileType = sourcecode.c.objc; path = SceneDelegate.m; sourceTree = "<group>"; };
		E944F61D26A3D9D40021D9C3 /* ViewController.h */ = {isa = PBXFileReference; lastKnownFileType = sourcecode.c.h; path = ViewController.h; sourceTree = "<group>"; };
		E944F61E26A3D9D40021D9C3 /* ViewController.m */ = {isa = PBXFileReference; lastKnownFileType = sourcecode.c.objc; path = ViewController.m; sourceTree = "<group>"; };
		E944F62126A3D9D40021D9C3 /* Base */ = {isa = PBXFileReference; lastKnownFileType = file.storyboard; name = Base; path = Base.lproj/Main.storyboard; sourceTree = "<group>"; };
		E944F62326A3D9D70021D9C3 /* Assets.xcassets */ = {isa = PBXFileReference; lastKnownFileType = folder.assetcatalog; path = Assets.xcassets; sourceTree = "<group>"; };
		E944F62626A3D9D70021D9C3 /* Base */ = {isa = PBXFileReference; lastKnownFileType = file.storyboard; name = Base; path = Base.lproj/LaunchScreen.storyboard; sourceTree = "<group>"; };
		E944F62826A3D9D70021D9C3 /* Info.plist */ = {isa = PBXFileReference; lastKnownFileType = text.plist.xml; path = Info.plist; sourceTree = "<group>"; };
		E944F62926A3D9D70021D9C3 /* main.m */ = {isa = PBXFileReference; lastKnownFileType = sourcecode.c.objc; path = main.m; sourceTree = "<group>"; };
		E944F62F26A3D9D70021D9C3 /* MyDTTestTests.xctest */ = {isa = PBXFileReference; explicitFileType = wrapper.cfbundle; includeInIndex = 0; path = MyDTTestTests.xctest; sourceTree = BUILT_PRODUCTS_DIR; };
		E944F63326A3D9D70021D9C3 /* MyDTTestTests.m */ = {isa = PBXFileReference; lastKnownFileType = sourcecode.c.objc; path = MyDTTestTests.m; sourceTree = "<group>"; };
		E944F63526A3D9D70021D9C3 /* Info.plist */ = {isa = PBXFileReference; lastKnownFileType = text.plist.xml; path = Info.plist; sourceTree = "<group>"; };
		E944F63A26A3D9D70021D9C3 /* MyDTTestUITests.xctest */ = {isa = PBXFileReference; explicitFileType = wrapper.cfbundle; includeInIndex = 0; path = MyDTTestUITests.xctest; sourceTree = BUILT_PRODUCTS_DIR; };
		E944F63E26A3D9D70021D9C3 /* MyDTTestUITests.m */ = {isa = PBXFileReference; lastKnownFileType = sourcecode.c.objc; path = MyDTTestUITests.m; sourceTree = "<group>"; };
		E944F64026A3D9D70021D9C3 /* Info.plist */ = {isa = PBXFileReference; lastKnownFileType = text.plist.xml; path = Info.plist; sourceTree = "<group>"; };
/* End PBXFileReference section */

/* Begin PBXFrameworksBuildPhase section */
		E944F61126A3D9D40021D9C3 /* Frameworks */ = {
			isa = PBXFrameworksBuildPhase;
			buildActionMask = 2147483647;
			files = (
			);
			runOnlyForDeploymentPostprocessing = 0;
		};
		E944F62C26A3D9D70021D9C3 /* Frameworks */ = {
			isa = PBXFrameworksBuildPhase;
			buildActionMask = 2147483647;
			files = (
			);
			runOnlyForDeploymentPostprocessing = 0;
		};
		E944F63726A3D9D70021D9C3 /* Frameworks */ = {
			isa = PBXFrameworksBuildPhase;
			buildActionMask = 2147483647;
			files = (
			);
			runOnlyForDeploymentPostprocessing = 0;
		};
/* End PBXFrameworksBuildPhase section */

/* Begin PBXGroup section */
		E944F60B26A3D9D40021D9C3 = {
			isa = PBXGroup;
			children = (
				E944F61626A3D9D40021D9C3 /* MyDTTest */,
				E944F63226A3D9D70021D9C3 /* MyDTTestTests */,
				E944F63D26A3D9D70021D9C3 /* MyDTTestUITests */,
				E944F61526A3D9D40021D9C3 /* Products */,
			);
			sourceTree = "<group>";
		};
		E944F61526A3D9D40021D9C3 /* Products */ = {
			isa = PBXGroup;
			children = (
				E944F61426A3D9D40021D9C3 /* MyDTTest.app */,
				E944F62F26A3D9D70021D9C3 /* MyDTTestTests.xctest */,
				E944F63A26A3D9D70021D9C3 /* MyDTTestUITests.xctest */,
			);
			name = Products;
			sourceTree = "<group>";
		};
		E944F61626A3D9D40021D9C3 /* MyDTTest */ = {
			isa = PBXGroup;
			children = (
				E944F61726A3D9D40021D9C3 /* AppDelegate.h */,
				E944F61826A3D9D40021D9C3 /* AppDelegate.m */,
				E944F61A26A3D9D40021D9C3 /* SceneDelegate.h */,
				E944F61B26A3D9D40021D9C3 /* SceneDelegate.m */,
				E944F61D26A3D9D40021D9C3 /* ViewController.h */,
				E944F61E26A3D9D40021D9C3 /* ViewController.m */,
				E944F62026A3D9D40021D9C3 /* Main.storyboard */,
				E944F62326A3D9D70021D9C3 /* Assets.xcassets */,
				E944F62526A3D9D70021D9C3 /* LaunchScreen.storyboard */,
				E944F62826A3D9D70021D9C3 /* Info.plist */,
				E944F62926A3D9D70021D9C3 /* main.m */,
			);
			path = MyDTTest;
			sourceTree = "<group>";
		};
		E944F63226A3D9D70021D9C3 /* MyDTTestTests */ = {
			isa = PBXGroup;
			children = (
				E944F63326A3D9D70021D9C3 /* MyDTTestTests.m */,
				E944F63526A3D9D70021D9C3 /* Info.plist */,
			);
			path = MyDTTestTests;
			sourceTree = "<group>";
		};
		E944F63D26A3D9D70021D9C3 /* MyDTTestUITests */ = {
			isa = PBXGroup;
			children = (
				E944F63E26A3D9D70021D9C3 /* MyDTTestUITests.m */,
				E944F64026A3D9D70021D9C3 /* Info.plist */,
			);
			path = MyDTTestUITests;
			sourceTree = "<group>";
		};
/* End PBXGroup section */

/* Begin PBXNativeTarget section */
		E944F61326A3D9D40021D9C3 /* MyDTTest */ = {
			isa = PBXNativeTarget;
			buildConfigurationList = E944F64326A3D9D70021D9C3 /* Build configuration list for PBXNativeTarget "MyDTTest" */;
			buildPhases = (
				E944F61026A3D9D40021D9C3 /* Sources */,
				E944F61126A3D9D40021D9C3 /* Frameworks */,
				E944F61226A3D9D40021D9C3 /* Resources */,
			);
			buildRules = (
			);
			dependencies = (
			);
			name = MyDTTest;
			productName = MyDTTest;
			productReference = E944F61426A3D9D40021D9C3 /* MyDTTest.app */;
			productType = "com.apple.product-type.application";
		};
		E944F62E26A3D9D70021D9C3 /* MyDTTestTests */ = {
			isa = PBXNativeTarget;
			buildConfigurationList = E944F64626A3D9D70021D9C3 /* Build configuration list for PBXNativeTarget "MyDTTestTests" */;
			buildPhases = (
				E944F62B26A3D9D70021D9C3 /* Sources */,
				E944F62C26A3D9D70021D9C3 /* Frameworks */,
				E944F62D26A3D9D70021D9C3 /* Resources */,
			);
			buildRules = (
			);
			dependencies = (
				E944F63126A3D9D70021D9C3 /* PBXTargetDependency */,
			);
			name = MyDTTestTests;
			productName = MyDTTestTests;
			productReference = E944F62F26A3D9D70021D9C3 /* MyDTTestTests.xctest */;
			productType = "com.apple.product-type.bundle.unit-test";
		};
		E944F63926A3D9D70021D9C3 /* MyDTTestUITests */ = {
			isa = PBXNativeTarget;
			buildConfigurationList = E944F64926A3D9D70021D9C3 /* Build configuration list for PBXNativeTarget "MyDTTestUITests" */;
			buildPhases = (
				E944F63626A3D9D70021D9C3 /* Sources */,
				E944F63726A3D9D70021D9C3 /* Frameworks */,
				E944F63826A3D9D70021D9C3 /* Resources */,
			);
			buildRules = (
			);
			dependencies = (
				E944F63C26A3D9D70021D9C3 /* PBXTargetDependency */,
			);
			name = MyDTTestUITests;
			productName = MyDTTestUITests;
			productReference = E944F63A26A3D9D70021D9C3 /* MyDTTestUITests.xctest */;
			productType = "com.apple.product-type.bundle.ui-testing";
		};
/* End PBXNativeTarget section */

/* Begin PBXProject section */
		E944F60C26A3D9D40021D9C3 /* Project object */ = {
			isa = PBXProject;
			attributes = {
				LastUpgradeCheck = 1250;
				TargetAttributes = {
					E944F61326A3D9D40021D9C3 = {
						CreatedOnToolsVersion = 12.5.1;
					};
					E944F62E26A3D9D70021D9C3 = {
						CreatedOnToolsVersion = 12.5.1;
						TestTargetID = E944F61326A3D9D40021D9C3;
					};
					E944F63926A3D9D70021D9C3 = {
						CreatedOnToolsVersion = 12.5.1;
						TestTargetID = E944F61326A3D9D40021D9C3;
					};
				};
			};
			buildConfigurationList = E944F60F26A3D9D40021D9C3 /* Build configuration list for PBXProject "MyDTTest" */;
			compatibilityVersion = "Xcode 9.3";
			developmentRegion = en;
			hasScannedForEncodings = 0;
			knownRegions = (
				en,
				Base,
			);
			mainGroup = E944F60B26A3D9D40021D9C3;
			productRefGroup = E944F61526A3D9D40021D9C3 /* Products */;
			projectDirPath = "";
			projectRoot = "";
			targets = (
				E944F61326A3D9D40021D9C3 /* MyDTTest */,
				E944F62E26A3D9D70021D9C3 /* MyDTTestTests */,
				E944F63926A3D9D70021D9C3 /* MyDTTestUITests */,
			);
		};
/* End PBXProject section */

/* Begin PBXResourcesBuildPhase section */
		E944F61226A3D9D40021D9C3 /* Resources */ = {
			isa = PBXResourcesBuildPhase;
			buildActionMask = 2147483647;
			files = (
				E944F62726A3D9D70021D9C3 /* LaunchScreen.storyboard in Resources */,
				E944F62426A3D9D70021D9C3 /* Assets.xcassets in Resources */,
				E944F62226A3D9D40021D9C3 /* Main.storyboard in Resources */,
			);
			runOnlyForDeploymentPostprocessing = 0;
		};
		E944F62D26A3D9D70021D9C3 /* Resources */ = {
			isa = PBXResourcesBuildPhase;
			buildActionMask = 2147483647;
			files = (
			);
			runOnlyForDeploymentPostprocessing = 0;
		};
		E944F63826A3D9D70021D9C3 /* Resources */ = {
			isa = PBXResourcesBuildPhase;
			buildActionMask = 2147483647;
			files = (
			);
			runOnlyForDeploymentPostprocessing = 0;
		};
/* End PBXResourcesBuildPhase section */

/* Begin PBXSourcesBuildPhase section */
		E944F61026A3D9D40021D9C3 /* Sources */ = {
			isa = PBXSourcesBuildPhase;
			buildActionMask = 2147483647;
			files = (
				E944F61F26A3D9D40021D9C3 /* ViewController.m in Sources */,
				E944F61926A3D9D40021D9C3 /* AppDelegate.m in Sources */,
				E944F62A26A3D9D70021D9C3 /* main.m in Sources */,
				E944F61C26A3D9D40021D9C3 /* SceneDelegate.m in Sources */,
			);
			runOnlyForDeploymentPostprocessing = 0;
		};
		E944F62B26A3D9D70021D9C3 /* Sources */ = {
			isa = PBXSourcesBuildPhase;
			buildActionMask = 2147483647;
			files = (
				E944F63426A3D9D70021D9C3 /* MyDTTestTests.m in Sources */,
			);
			runOnlyForDeploymentPostprocessing = 0;
		};
		E944F63626A3D9D70021D9C3 /* Sources */ = {
			isa = PBXSourcesBuildPhase;
			buildActionMask = 2147483647;
			files = (
				E944F63F26A3D9D70021D9C3 /* MyDTTestUITests.m in Sources */,
			);
			runOnlyForDeploymentPostprocessing = 0;
		};
/* End PBXSourcesBuildPhase section */

/* Begin PBXTargetDependency section */
		E944F63126A3D9D70021D9C3 /* PBXTargetDependency */ = {
			isa = PBXTargetDependency;
			target = E944F61326A3D9D40021D9C3 /* MyDTTest */;
			targetProxy = E944F63026A3D9D70021D9C3 /* PBXContainerItemProxy */;
		};
		E944F63C26A3D9D70021D9C3 /* PBXTargetDependency */ = {
			isa = PBXTargetDependency;
			target = E944F61326A3D9D40021D9C3 /* MyDTTest */;
			targetProxy = E944F63B26A3D9D70021D9C3 /* PBXContainerItemProxy */;
		};
/* End PBXTargetDependency section */

/* Begin PBXVariantGroup section */
		E944F62026A3D9D40021D9C3 /* Main.storyboard */ = {
			isa = PBXVariantGroup;
			children = (
				E944F62126A3D9D40021D9C3 /* Base */,
			);
			name = Main.storyboard;
			sourceTree = "<group>";
		};
		E944F62526A3D9D70021D9C3 /* LaunchScreen.storyboard */ = {
			isa = PBXVariantGroup;
			children = (
				E944F62626A3D9D70021D9C3 /* Base */,
			);
			name = LaunchScreen.storyboard;
			sourceTree = "<group>";
		};
/* End PBXVariantGroup section */

/* Begin XCBuildConfiguration section */
		E944F64126A3D9D70021D9C3 /* Debug */ = {
			isa = XCBuildConfiguration;
			buildSettings = {
				ALWAYS_SEARCH_USER_PATHS = NO;
				CLANG_ANALYZER_NONNULL = YES;
				CLANG_ANALYZER_NUMBER_OBJECT_CONVERSION = YES_AGGRESSIVE;
				CLANG_CXX_LANGUAGE_STANDARD = "gnu++14";
				CLANG_CXX_LIBRARY = "libc++";
				CLANG_ENABLE_MODULES = YES;
				CLANG_ENABLE_OBJC_ARC = YES;
				CLANG_ENABLE_OBJC_WEAK = YES;
				CLANG_WARN_BLOCK_CAPTURE_AUTORELEASING = YES;
				CLANG_WARN_BOOL_CONVERSION = YES;
				CLANG_WARN_COMMA = YES;
				CLANG_WARN_CONSTANT_CONVERSION = YES;
				CLANG_WARN_DEPRECATED_OBJC_IMPLEMENTATIONS = YES;
				CLANG_WARN_DIRECT_OBJC_ISA_USAGE = YES_ERROR;
				CLANG_WARN_DOCUMENTATION_COMMENTS = YES;
				CLANG_WARN_EMPTY_BODY = YES;
				CLANG_WARN_ENUM_CONVERSION = YES;
				CLANG_WARN_INFINITE_RECURSION = YES;
				CLANG_WARN_INT_CONVERSION = YES;
				CLANG_WARN_NON_LITERAL_NULL_CONVERSION = YES;
				CLANG_WARN_OBJC_IMPLICIT_RETAIN_SELF = YES;
				CLANG_WARN_OBJC_LITERAL_CONVERSION = YES;
				CLANG_WARN_OBJC_ROOT_CLASS = YES_ERROR;
				CLANG_WARN_QUOTED_INCLUDE_IN_FRAMEWORK_HEADER = YES;
				CLANG_WARN_RANGE_LOOP_ANALYSIS = YES;
				CLANG_WARN_STRICT_PROTOTYPES = YES;
				CLANG_WARN_SUSPICIOUS_MOVE = YES;
				CLANG_WARN_UNGUARDED_AVAILABILITY = YES_AGGRESSIVE;
				CLANG_WARN_UNREACHABLE_CODE = YES;
				CLANG_WARN__DUPLICATE_METHOD_MATCH = YES;
				COPY_PHASE_STRIP = NO;
				DEBUG_INFORMATION_FORMAT = dwarf;
				ENABLE_STRICT_OBJC_MSGSEND = YES;
				ENABLE_TESTABILITY = YES;
				GCC_C_LANGUAGE_STANDARD = gnu11;
				GCC_DYNAMIC_NO_PIC = NO;
				GCC_NO_COMMON_BLOCKS = YES;
				GCC_OPTIMIZATION_LEVEL = 0;
				GCC_PREPROCESSOR_DEFINITIONS = (
					"DEBUG=1",
					"$(inherited)",
				);
				GCC_WARN_64_TO_32_BIT_CONVERSION = YES;
				GCC_WARN_ABOUT_RETURN_TYPE = YES_ERROR;
				GCC_WARN_UNDECLARED_SELECTOR = YES;
				GCC_WARN_UNINITIALIZED_AUTOS = YES_AGGRESSIVE;
				GCC_WARN_UNUSED_FUNCTION = YES;
				GCC_WARN_UNUSED_VARIABLE = YES;
				IPHONEOS_DEPLOYMENT_TARGET = 14.5;
				MTL_ENABLE_DEBUG_INFO = INCLUDE_SOURCE;
				MTL_FAST_MATH = YES;
				ONLY_ACTIVE_ARCH = YES;
				SDKROOT = iphoneos;
			};
			name = Debug;
		};
		E944F64226A3D9D70021D9C3 /* Release */ = {
			isa = XCBuildConfiguration;
			buildSettings = {
				ALWAYS_SEARCH_USER_PATHS = NO;
				CLANG_ANALYZER_NONNULL = YES;
				CLANG_ANALYZER_NUMBER_OBJECT_CONVERSION = YES_AGGRESSIVE;
				CLANG_CXX_LANGUAGE_STANDARD = "gnu++14";
				CLANG_CXX_LIBRARY = "libc++";
				CLANG_ENABLE_MODULES = YES;
				CLANG_ENABLE_OBJC_ARC = YES;
				CLANG_ENABLE_OBJC_WEAK = YES;
				CLANG_WARN_BLOCK_CAPTURE_AUTORELEASING = YES;
				CLANG_WARN_BOOL_CONVERSION = YES;
				CLANG_WARN_COMMA = YES;
				CLANG_WARN_CONSTANT_CONVERSION = YES;
				CLANG_WARN_DEPRECATED_OBJC_IMPLEMENTATIONS = YES;
				CLANG_WARN_DIRECT_OBJC_ISA_USAGE = YES_ERROR;
				CLANG_WARN_DOCUMENTATION_COMMENTS = YES;
				CLANG_WARN_EMPTY_BODY = YES;
				CLANG_WARN_ENUM_CONVERSION = YES;
				CLANG_WARN_INFINITE_RECURSION = YES;
				CLANG_WARN_INT_CONVERSION = YES;
				CLANG_WARN_NON_LITERAL_NULL_CONVERSION = YES;
				CLANG_WARN_OBJC_IMPLICIT_RETAIN_SELF = YES;
				CLANG_WARN_OBJC_LITERAL_CONVERSION = YES;
				CLANG_WARN_OBJC_ROOT_CLASS = YES_ERROR;
				CLANG_WARN_QUOTED_INCLUDE_IN_FRAMEWORK_HEADER = YES;
				CLANG_WARN_RANGE_LOOP_ANALYSIS = YES;
				CLANG_WARN_STRICT_PROTOTYPES = YES;
				CLANG_WARN_SUSPICIOUS_MOVE = YES;
				CLANG_WARN_UNGUARDED_AVAILABILITY = YES_AGGRESSIVE;
				CLANG_WARN_UNREACHABLE_CODE = YES;
				CLANG_WARN__DUPLICATE_METHOD_MATCH = YES;
				COPY_PHASE_STRIP = NO;
				DEBUG_INFORMATION_FORMAT = "dwarf-with-dsym";
				ENABLE_NS_ASSERTIONS = NO;
				ENABLE_STRICT_OBJC_MSGSEND = YES;
				GCC_C_LANGUAGE_STANDARD = gnu11;
				GCC_NO_COMMON_BLOCKS = YES;
				GCC_WARN_64_TO_32_BIT_CONVERSION = YES;
				GCC_WARN_ABOUT_RETURN_TYPE = YES_ERROR;
				GCC_WARN_UNDECLARED_SELECTOR = YES;
				GCC_WARN_UNINITIALIZED_AUTOS = YES_AGGRESSIVE;
				GCC_WARN_UNUSED_FUNCTION = YES;
				GCC_WARN_UNUSED_VARIABLE = YES;
				IPHONEOS_DEPLOYMENT_TARGET = 14.5;
				MTL_ENABLE_DEBUG_INFO = NO;
				MTL_FAST_MATH = YES;
				SDKROOT = iphoneos;
				VALIDATE_PRODUCT = YES;
			};
			name = Release;
		};
		E944F64426A3D9D70021D9C3 /* Debug */ = {
			isa = XCBuildConfiguration;
			buildSettings = {
				ASSETCATALOG_COMPILER_APPICON_NAME = AppIcon;
				ASSETCATALOG_COMPILER_GLOBAL_ACCENT_COLOR_NAME = AccentColor;
				CODE_SIGN_STYLE = Automatic;
				DEVELOPMENT_TEAM = NE8VK2242L;
				INFOPLIST_FILE = MyDTTest/Info.plist;
				LD_RUNPATH_SEARCH_PATHS = (
					"$(inherited)",
					"@executable_path/Frameworks",
				);
				PRODUCT_BUNDLE_IDENTIFIER = "-23.MyDTTest";
				PRODUCT_NAME = "$(TARGET_NAME)";
				TARGETED_DEVICE_FAMILY = "1,2";
			};
			name = Debug;
		};
		E944F64526A3D9D70021D9C3 /* Release */ = {
			isa = XCBuildConfiguration;
			buildSettings = {
				ASSETCATALOG_COMPILER_APPICON_NAME = AppIcon;
				ASSETCATALOG_COMPILER_GLOBAL_ACCENT_COLOR_NAME = AccentColor;
				CODE_SIGN_STYLE = Automatic;
				DEVELOPMENT_TEAM = NE8VK2242L;
				INFOPLIST_FILE = MyDTTest/Info.plist;
				LD_RUNPATH_SEARCH_PATHS = (
					"$(inherited)",
					"@executable_path/Frameworks",
				);
				PRODUCT_BUNDLE_IDENTIFIER = "-23.MyDTTest";
				PRODUCT_NAME = "$(TARGET_NAME)";
				TARGETED_DEVICE_FAMILY = "1,2";
			};
			name = Release;
		};
		E944F64726A3D9D70021D9C3 /* Debug */ = {
			isa = XCBuildConfiguration;
			buildSettings = {
				BUNDLE_LOADER = "$(TEST_HOST)";
				CODE_SIGN_STYLE = Automatic;
				DEVELOPMENT_TEAM = NE8VK2242L;
				INFOPLIST_FILE = MyDTTestTests/Info.plist;
				IPHONEOS_DEPLOYMENT_TARGET = 14.5;
				LD_RUNPATH_SEARCH_PATHS = (
					"$(inherited)",
					"@executable_path/Frameworks",
					"@loader_path/Frameworks",
				);
				PRODUCT_BUNDLE_IDENTIFIER = "-23.MyDTTestTests";
				PRODUCT_NAME = "$(TARGET_NAME)";
				TARGETED_DEVICE_FAMILY = "1,2";
				TEST_HOST = "$(BUILT_PRODUCTS_DIR)/MyDTTest.app/MyDTTest";
			};
			name = Debug;
		};
		E944F64826A3D9D70021D9C3 /* Release */ = {
			isa = XCBuildConfiguration;
			buildSettings = {
				BUNDLE_LOADER = "$(TEST_HOST)";
				CODE_SIGN_STYLE = Automatic;
				DEVELOPMENT_TEAM = NE8VK2242L;
				INFOPLIST_FILE = MyDTTestTests/Info.plist;
				IPHONEOS_DEPLOYMENT_TARGET = 14.5;
				LD_RUNPATH_SEARCH_PATHS = (
					"$(inherited)",
					"@executable_path/Frameworks",
					"@loader_path/Frameworks",
				);
				PRODUCT_BUNDLE_IDENTIFIER = "-23.MyDTTestTests";
				PRODUCT_NAME = "$(TARGET_NAME)";
				TARGETED_DEVICE_FAMILY = "1,2";
				TEST_HOST = "$(BUILT_PRODUCTS_DIR)/MyDTTest.app/MyDTTest";
			};
			name = Release;
		};
		E944F64A26A3D9D70021D9C3 /* Debug */ = {
			isa = XCBuildConfiguration;
			buildSettings = {
				CODE_SIGN_STYLE = Automatic;
				DEVELOPMENT_TEAM = NE8VK2242L;
				INFOPLIST_FILE = MyDTTestUITests/Info.plist;
				LD_RUNPATH_SEARCH_PATHS = (
					"$(inherited)",
					"@executable_path/Frameworks",
					"@loader_path/Frameworks",
				);
				PRODUCT_BUNDLE_IDENTIFIER = "-23.MyDTTestUITests";
				PRODUCT_NAME = "$(TARGET_NAME)";
				TARGETED_DEVICE_FAMILY = "1,2";
				TEST_TARGET_NAME = MyDTTest;
			};
			name = Debug;
		};
		E944F64B26A3D9D70021D9C3 /* Release */ = {
			isa = XCBuildConfiguration;
			buildSettings = {
				CODE_SIGN_STYLE = Automatic;
				DEVELOPMENT_TEAM = NE8VK2242L;
				INFOPLIST_FILE = MyDTTestUITests/Info.plist;
				LD_RUNPATH_SEARCH_PATHS = (
					"$(inherited)",
					"@executable_path/Frameworks",
					"@loader_path/Frameworks",
				);
				PRODUCT_BUNDLE_IDENTIFIER = "-23.MyDTTestUITests";
				PRODUCT_NAME = "$(TARGET_NAME)";
				TARGETED_DEVICE_FAMILY = "1,2";
				TEST_TARGET_NAME = MyDTTest;
			};
			name = Release;
		};
/* End XCBuildConfiguration section */

/* Begin XCConfigurationList section */
		E944F60F26A3D9D40021D9C3 /* Build configuration list for PBXProject "MyDTTest" */ = {
			isa = XCConfigurationList;
			buildConfigurations = (
				E944F64126A3D9D70021D9C3 /* Debug */,
				E944F64226A3D9D70021D9C3 /* Release */,
			);
			defaultConfigurationIsVisible = 0;
			defaultConfigurationName = Release;
		};
		E944F64326A3D9D70021D9C3 /* Build configuration list for PBXNativeTarget "MyDTTest" */ = {
			isa = XCConfigurationList;
			buildConfigurations = (
				E944F64426A3D9D70021D9C3 /* Debug */,
				E944F64526A3D9D70021D9C3 /* Release */,
			);
			defaultConfigurationIsVisible = 0;
			defaultConfigurationName = Release;
		};
		E944F64626A3D9D70021D9C3 /* Build configuration list for PBXNativeTarget "MyDTTestTests" */ = {
			isa = XCConfigurationList;
			buildConfigurations = (
				E944F64726A3D9D70021D9C3 /* Debug */,
				E944F64826A3D9D70021D9C3 /* Release */,
			);
			defaultConfigurationIsVisible = 0;
			defaultConfigurationName = Release;
		};
		E944F64926A3D9D70021D9C3 /* Build configuration list for PBXNativeTarget "MyDTTestUITests" */ = {
			isa = XCConfigurationList;
			buildConfigurations = (
				E944F64A26A3D9D70021D9C3 /* Debug */,
				E944F64B26A3D9D70021D9C3 /* Release */,
			);
			defaultConfigurationIsVisible = 0;
			defaultConfigurationName = Release;
		};
/* End XCConfigurationList section */
	};
	rootObject = E944F60C26A3D9D40021D9C3 /* Project object */;
}
